{
  "name": "combolist-generator",
  "version": "1.1.0",
  "lockfileVersion": 1,
  "requires": true,
  "dependencies": {
    "alea": {
      "version": "0.0.9",
      "resolved": "https://registry.npmjs.org/alea/-/alea-0.0.9.tgz",
      "integrity": "sha1-9zjLRfg0MAafRc9pzL8xLdV6nho="
    },
    "array-uniq": {
      "version": "1.0.2",
      "resolved": "https://registry.npmjs.org/array-uniq/-/array-uniq-1.0.2.tgz",
      "integrity": "sha1-X8w3OSB3VyPP1k1lxkvvU7+eum0="
    },
    "binary-search": {
      "version": "1.3.5",
      "resolved": "https://registry.npmjs.org/binary-search/-/binary-search-1.3.5.tgz",
      "integrity": "sha512-RHFP0AdU6KAB0CCZsRMU2CJTk2EpL8GLURT+4gilpjr1f/7M91FgUMnXuQLmf3OKLet34gjuNFwO7e4agdX5pw=="
    },
    "lotr-names": {
      "version": "1.0.1",
      "resolved": "https://registry.npmjs.org/lotr-names/-/lotr-names-1.0.1.tgz",
      "integrity": "sha1-YvXJOntBxfiYlqNkxm/cDNNWlbk=",
      "requires": {
        "unique-random-array": "1.0.0"
      }
    },
    "niceware": {
      "version": "1.0.6",
      "resolved": "https://registry.npmjs.org/niceware/-/niceware-1.0.6.tgz",
      "integrity": "sha512-kXHzGnFcJ87cUkZ6+yJiZg0ng8PQ2rypwcRoBNLjJd8yIhBS8jRoH3NNMVcjrA40MM1zXOyaF7N57g0ENrulrQ==",
      "requires": {
        "binary-search": "^1.3.3",
        "randombytes": "^2.0.6"
      }
    },
    "node-random-name": {
      "version": "1.0.1",
      "resolved": "https://registry.npmjs.org/node-random-name/-/node-random-name-1.0.1.tgz",
      "integrity": "sha1-niQEx6AeCQWi92Fogh7bLc0U91g=",
      "requires": {
        "alea": "0.0.9"
      }
    },
    "randombytes": {
      "version": "2.1.0",
      "resolved": "https://registry.npmjs.org/randombytes/-/randombytes-2.1.0.tgz",
      "integrity": "sha512-vYl3iOX+4CKUWuxGi9Ukhie6fsqXqS9FE2Zaic4tNFD2N2QQaXOMFbuKK4QmDHC0JO6B1Zp41J0LpT0oR68amQ==",
      "requires": {
        "safe-buffer": "^5.1.0"
      }
    },
    "randomstring": {
      "version": "1.1.5",
      "resolved": "https://registry.npmjs.org/randomstring/-/randomstring-1.1.5.tgz",
      "integrity": "sha1-bfBij3XL1ZMpMNn+OrTpVqGFGMM=",
      "requires": {
        "array-uniq": "1.0.2"
      }
    },
    "safe-buffer": {
      "version": "5.1.2",
      "resolved": "https://registry.npmjs.org/safe-buffer/-/safe-buffer-5.1.2.tgz",
      "integrity": "sha512-Gd2UZBJDkXlY7GbJxfsE8/nvKkUEU1G38c1siN6QP6a9PT9MmHB8GnpscSmMJSoF8LOIrt8ud/wPtojys4G6+g=="
    },
    "starwars-names": {
      "version": "1.6.0",
      "resolved": "https://registry.npmjs.org/starwars-names/-/starwars-names-1.6.0.tgz",
      "integrity": "sha1-X5hLWpVHFOs4O01sGSNO/qY5gzU=",
      "requires": {
        "unique-random-array": "1.0.0"
      }
    },
    "unique-random": {
      "version": "1.0.0",
      "resolved": "https://registry.npmjs.org/unique-random/-/unique-random-1.0.0.tgz",
      "integrity": "sha1-zj4iTIJCzTOg53sNcYDXfmti0MQ="
    },
    "unique-random-array": {
      "version": "1.0.0",
      "resolved": "https://registry.npmjs.org/unique-random-array/-/unique-random-array-1.0.0.tgz",
      "integrity": "sha1-QrNyHFeTiNi2Z8k8Lb3j1dgakTY=",
      "requires": {
        "unique-random": "^1.0.0"
      }
    }
  }
}
